
Microsoft Visual Studio Solution File, Format Version 12.00
# Visual Studio 2015
Project("{FAE04EC0-301F-11D3-BF4B-00C04F79EFBC}") = "BasicTransform", "BasicTransform.csproj", "{DC118F22-A59F-05EA-9BC8-AD3711BED540}"
EndProject
Global
	GlobalSection(SolutionConfigurationPlatforms) = preSolution
		Debug|Any CPU = Debug|Any CPU
		Release|Any CPU = Release|Any CPU
	EndGlobalSection
	GlobalSection(ProjectConfigurationPlatforms) = postSolution
		{DC118F22-A59F-05EA-9BC8-AD3711BED540}.Debug|Any CPU.ActiveCfg = Debug|Any CPU
		{DC118F22-A59F-05EA-9BC8-AD3711BED540}.Debug|Any CPU.Build.0 = Debug|Any CPU
		{DC118F22-A59F-05EA-9BC8-AD3711BED540}.Release|Any CPU.ActiveCfg = Release|Any CPU
		{DC118F22-A59F-05EA-9BC8-AD3711BED540}.Release|Any CPU.Build.0 = Release|Any CPU
	EndGlobalSection
	GlobalSection(SolutionProperties) = preSolution
		HideSolutionNode = FALSE
	EndGlobalSection
EndGlobal
